
Microsoft Visual Studio Solution File, Format Version 12.00
# Visual Studio Version 17
VisualStudioVersion = 17.3.32825.248
MinimumVisualStudioVersion = 10.0.40219.1
Project("{9A19103F-16F7-4668-BE54-9A1E7A4F7556}") = "DockerCarvedRockApi", "DockerCarvedRockApi\DockerCarvedRockApi.csproj", "{25A1FE7D-9657-4073-AEF4-A3FEDC815451}"
EndProject
Project("{FAE04EC0-301F-11D3-BF4B-00C04F79EFBC}") = "CarvedRock.OrderProcessor", "CarvedRock.OrderProcessor\CarvedRock.OrderProcessor.csproj", "{1A46DBF1-D45C-4ADB-A967-248A2EBF9617}"
EndProject
Global
	GlobalSection(SolutionConfigurationPlatforms) = preSolution
		Debug|Any CPU = Debug|Any CPU
		Release|Any CPU = Release|Any CPU
	EndGlobalSection
	GlobalSection(ProjectConfigurationPlatforms) = postSolution
		{25A1FE7D-9657-4073-AEF4-A3FEDC815451}.Debug|Any CPU.ActiveCfg = Debug|Any CPU
		{25A1FE7D-9657-4073-AEF4-A3FEDC815451}.Debug|Any CPU.Build.0 = Debug|Any CPU
		{25A1FE7D-9657-4073-AEF4-A3FEDC815451}.Release|Any CPU.ActiveCfg = Release|Any CPU
		{25A1FE7D-9657-4073-AEF4-A3FEDC815451}.Release|Any CPU.Build.0 = Release|Any CPU
		{1A46DBF1-D45C-4ADB-A967-248A2EBF9617}.Debug|Any CPU.ActiveCfg = Debug|Any CPU
		{1A46DBF1-D45C-4ADB-A967-248A2EBF9617}.Debug|Any CPU.Build.0 = Debug|Any CPU
		{1A46DBF1-D45C-4ADB-A967-248A2EBF9617}.Release|Any CPU.ActiveCfg = Release|Any CPU
		{1A46DBF1-D45C-4ADB-A967-248A2EBF9617}.Release|Any CPU.Build.0 = Release|Any CPU
	EndGlobalSection
	GlobalSection(SolutionProperties) = preSolution
		HideSolutionNode = FALSE
	EndGlobalSection
	GlobalSection(ExtensibilityGlobals) = postSolution
		SolutionGuid = {E3DBB8AF-379D-4C35-BEA2-21F650FDEED4}
	EndGlobalSection
EndGlobal
